# THIS IS AN AUTOGENERATED FILE. DO NOT EDIT THIS FILE DIRECTLY.
# yarn lockfile v1


"@alloc/quick-lru@^5.2.0":
  version "5.2.0"
  resolved "https://registry.yarnpkg.com/@alloc/quick-lru/-/quick-lru-5.2.0.tgz#7bf68b20c0a350f936915fcae06f58e32007ce30"
  integrity sha512-UrcABB+4bUrFABwbluTIBErXwvbsU/V7TZWfmbgJfbkwiBuziS9gxdODUyuiecfdGQ85jglMW6juS3+z5TsKLw==

"@babel/runtime@^7.5.5", "@babel/runtime@^7.8.7":
  version "7.27.6"
  resolved "https://registry.yarnpkg.com/@babel/runtime/-/runtime-7.27.6.tgz#ec4070a04d76bae8ddbb10770ba55714a417b7c6"
  integrity sha512-vbavdySgbTTrmFE+EsiqUTzlOr5bzlnJtUv9PynGCAKvfQqjIXbvFdumPM/GxMDfyuGMJaJAU6TO4zc1Jf1i8Q==

"@date-fns/tz@1.2.0":
  version "1.2.0"
  resolved "https://registry.yarnpkg.com/@date-fns/tz/-/tz-1.2.0.tgz#81cb3211693830babaf3b96aff51607e143030a6"
  integrity sha512-LBrd7MiJZ9McsOgxqWX7AaxrDjcFVjWH/tIKJd7pnR7McaslGYOP1QmmiBXdJH/H/yLCT+rcQ7FaPBUxRGUtrg==

"@emnapi/runtime@^1.7.0":
  version "1.11.1"
  resolved "https://registry.yarnpkg.com/@emnapi/runtime/-/runtime-1.11.1.tgz#58f1f3d5d81a9b12f793ab688c96371901027c24"
  integrity sha512-vgj7R3y3Wgx24IQaGPA/R6YFXLHVMOZ0uVEyIQPaWs+rd1AzfEMXlAC22FYwO1XkKR6NPsq7mUandH8oIRdZFw==
  dependencies:
    tslib "^2.4.0"

"@floating-ui/core@^1.7.2":
  version "1.7.2"
  resolved "https://registry.yarnpkg.com/@floating-ui/core/-/core-1.7.2.tgz#3d1c35263950b314b6d5a72c8bfb9e3c1551aefd"
  integrity sha512-wNB5ooIKHQc+Kui96jE/n69rHFWAVoxn5CAzL1Xdd8FG03cgY3MLO+GF9U3W737fYDSgPWA6MReKhBQBop6Pcw==
  dependencies:
    "@floating-ui/utils" "^0.2.10"

"@floating-ui/dom@^1.7.2":
  version "1.7.2"
  resolved "https://registry.yarnpkg.com/@floating-ui/dom/-/dom-1.7.2.tgz#3540b051cf5ce0d4f4db5fb2507a76e8ea5b4a45"
  integrity sha512-7cfaOQuCS27HD7DX+6ib2OrnW+b4ZBwDNnCcT0uTyidcmyWb03FnQqJybDBoCnpdxwBSfA94UAYlRCt7mV+TbA==
  dependencies:
    "@floating-ui/core" "^1.7.2"
    "@floating-ui/utils" "^0.2.10"

"@floating-ui/react-dom@^2.0.0":
  version "2.1.4"
  resolved "https://registry.yarnpkg.com/@floating-ui/react-dom/-/react-dom-2.1.4.tgz#a0689be8978352fff2be2dfdd718cf668c488ec3"
  integrity sha512-JbbpPhp38UmXDDAu60RJmbeme37Jbgsm7NrHGgzYYFKmblzRUh6Pa641dII6LsjwF4XlScDrde2UAzDo/b9KPw==
  dependencies:
    "@floating-ui/dom" "^1.7.2"

"@floating-ui/utils@^0.2.10":
  version "0.2.10"
  resolved "https://registry.yarnpkg.com/@floating-ui/utils/-/utils-0.2.10.tgz#a2a1e3812d14525f725d011a73eceb41fef5bc1c"
  integrity sha512-aGTxbpbg8/b5JfU1HXSrbH3wXZuLPJcNEcZQFMxLs3oSzgtVu6nFPkbbGGUvBcUjKV2YyB9Wxxabo+HEH9tcRQ==

"@google/genai@^2.0.0":
  version "2.21.0"
  resolved "https://registry.yarnpkg.com/@google/genai/-/genai-2.21.0.tgz#806f18d30309d66c48367e70c0da6ddae553b062"
  integrity sha512-+PDtco2/Z0ONdzCGekCoCT+O1VJS9xJQNN4XzQpXG/t3El/SWWMkCWlFRO1KmivOHPa4Q0VjUYu1HBKCZ/v33Q==
  dependencies:
    google-auth-library "^10.3.0"
    p-retry "^4.6.2"
    protobufjs "^7.5.4"
    ws "^8.18.0"

"@hookform/resolvers@5.1.1":
  version "5.1.1"
  resolved "https://registry.yarnpkg.com/@hookform/resolvers/-/resolvers-5.1.1.tgz#91074ba4fb749cc74e6465e75d38256146b0c4ab"
  integrity sha512-J/NVING3LMAEvexJkyTLjruSm7aOFx7QX21pzkiJfMoNG0wl5aFEjLTl7ay7IQb9EWY6AkrBy7tHL2Alijpdcg==
  dependencies:
    "@standard-schema/utils" "^0.3.0"

"@img/colour@^1.0.0":
  version "1.1.0"
  resolved "https://registry.yarnpkg.com/@img/colour/-/colour-1.1.0.tgz#b0c2c2fa661adf75effd6b4964497cd80010bb9d"
  integrity sha512-Td76q7j57o/tLVdgS746cYARfSyxk8iEfRxewL9h4OMzYhbW4TAcppl0mT4eyqXddh6L/jwoM75mo7ixa/pCeQ==

"@img/sharp-darwin-arm64@0.34.5":
  version "0.34.5"
  resolved "https://registry.yarnpkg.com/@img/sharp-darwin-arm64/-/sharp-darwin-arm64-0.34.5.tgz#6e0732dcade126b6670af7aa17060b926835ea86"
  integrity sha512-imtQ3WMJXbMY4fxb/Ndp6HBTNVtWCUI0WdobyheGf5+ad6xX8VIDO8u2xE4qc/fr08CKG/7dDseFtn6M6g/r3w==
  optionalDependencies:
    "@img/sharp-libvips-darwin-arm64" "1.2.4"

"@img/sharp-darwin-x64@0.34.5":
  version "0.34.5"
  resolved "https://registry.yarnpkg.com/@img/sharp-darwin-x64/-/sharp-darwin-x64-0.34.5.tgz#19bc1dd6eba6d5a96283498b9c9f401180ee9c7b"
  integrity sha512-YNEFAF/4KQ/PeW0N+r+aVVsoIY0/qxxikF2SWdp+NRkmMB7y9LBZAVqQ4yhGCm/H3H270OSykqmQMKLBhBJDEw==
  optionalDependencies:
    "@img/sharp-libvips-darwin-x64" "1.2.4"

"@img/sharp-libvips-darwin-arm64@1.2.4":
  version "1.2.4"
  resolved "https://registry.yarnpkg.com/@img/sharp-libvips-darwin-arm64/-/sharp-libvips-darwin-arm64-1.2.4.tgz#2894c0cb87d42276c3889942e8e2db517a492c43"
  integrity sha512-zqjjo7RatFfFoP0MkQ51jfuFZBnVE2pRiaydKJ1G/rHZvnsrHAOcQALIi9sA5co5xenQdTugCvtb1cuf78Vf4g==

"@img/sharp-libvips-darwin-x64@1.2.4":
  version "1.2.4"
  resolved "https://registry.yarnpkg.com/@img/sharp-libvips-darwin-x64/-/sharp-libvips-darwin-x64-1.2.4.tgz#e63681f4539a94af9cd17246ed8881734386f8cc"
  integrity sha512-1IOd5xfVhlGwX+zXv2N93k0yMONvUlANylbJw1eTah8K/Jtpi15KC+WSiaX/nBmbm2HxRM1gZ0nSdjSsrZbGKg==

"@img/sharp-libvips-linux-arm64@1.2.4":
  version "1.2.4"
  resolved "https://registry.yarnpkg.com/@img/sharp-libvips-linux-arm64/-/sharp-libvips-linux-arm64-1.2.4.tgz#b1b288b36864b3bce545ad91fa6dadcf1a4ad318"
  integrity sha512-excjX8DfsIcJ10x1Kzr4RcWe1edC9PquDRRPx3YVCvQv+U5p7Yin2s32ftzikXojb1PIFc/9Mt28/y+iRklkrw==

"@img/sharp-libvips-linux-arm@1.2.4":
  version "1.2.4"
  resolved "https://registry.yarnpkg.com/@img/sharp-libvips-linux-arm/-/sharp-libvips-linux-arm-1.2.4.tgz#b9260dd1ebe6f9e3bdbcbdcac9d2ac125f35852d"
  integrity sha512-bFI7xcKFELdiNCVov8e44Ia4u2byA+l3XtsAj+Q8tfCwO6BQ8iDojYdvoPMqsKDkuoOo+X6HZA0s0q11ANMQ8A==

"@img/sharp-libvips-linux-ppc64@1.2.4":
  version "1.2.4"
  resolved "https://registry.yarnpkg.com/@img/sharp-libvips-linux-ppc64/-/sharp-libvips-linux-ppc64-1.2.4.tgz#4b83ecf2a829057222b38848c7b022e7b4d07aa7"
  integrity sha512-FMuvGijLDYG6lW+b/UvyilUWu5Ayu+3r2d1S8notiGCIyYU/76eig1UfMmkZ7vwgOrzKzlQbFSuQfgm7GYUPpA==

"@img/sharp-libvips-linux-riscv64@1.2.4":
  version "1.2.4"
  resolved "https://registry.yarnpkg.com/@img/sharp-libvips-linux-riscv64/-/sharp-libvips-linux-riscv64-1.2.4.tgz#880b4678009e5a2080af192332b00b0aaf8a48de"
  integrity sha512-oVDbcR4zUC0ce82teubSm+x6ETixtKZBh/qbREIOcI3cULzDyb18Sr/Wcyx7NRQeQzOiHTNbZFF1UwPS2scyGA==

"@img/sharp-libvips-linux-s390x@1.2.4":
  version "1.2.4"
  resolved "https://registry.yarnpkg.com/@img/sharp-libvips-linux-s390x/-/sharp-libvips-linux-s390x-1.2.4.tgz#74f343c8e10fad821b38f75ced30488939dc59ec"
  integrity sha512-qmp9VrzgPgMoGZyPvrQHqk02uyjA0/QrTO26Tqk6l4ZV0MPWIW6LTkqOIov+J1yEu7MbFQaDpwdwJKhbJvuRxQ==

"@img/sharp-libvips-linux-x64@1.2.4":
  version "1.2.4"
  resolved "https://registry.yarnpkg.com/@img/sharp-libvips-linux-x64/-/sharp-libvips-linux-x64-1.2.4.tgz#df4183e8bd8410f7d61b66859a35edeab0a531ce"
  integrity sha512-tJxiiLsmHc9Ax1bz3oaOYBURTXGIRDODBqhveVHonrHJ9/+k89qbLl0bcJns+e4t4rvaNBxaEZsFtSfAdquPrw==

"@img/sharp-libvips-linuxmusl-arm64@1.2.4":
  version "1.2.4"
  resolved "https://registry.yarnpkg.com/@img/sharp-libvips-linuxmusl-arm64/-/sharp-libvips-linuxmusl-arm64-1.2.4.tgz#c8d6b48211df67137541007ee8d1b7b1f8ca8e06"
  integrity sha512-FVQHuwx1IIuNow9QAbYUzJ+En8KcVm9Lk5+uGUQJHaZmMECZmOlix9HnH7n1TRkXMS0pGxIJokIVB9SuqZGGXw==

"@img/sharp-libvips-linuxmusl-x64@1.2.4":
  version "1.2.4"
  resolved "https://registry.yarnpkg.com/@img/sharp-libvips-linuxmusl-x64/-/sharp-libvips-linuxmusl-x64-1.2.4.tgz#be11c75bee5b080cbee31a153a8779448f919f75"
  integrity sha512-+LpyBk7L44ZIXwz/VYfglaX/okxezESc6UxDSoyo2Ks6Jxc4Y7sGjpgU9s4PMgqgjj1gZCylTieNamqA1MF7Dg==

"@img/sharp-linux-arm64@0.34.5":
  version "0.34.5"
  resolved "https://registry.yarnpkg.com/@img/sharp-linux-arm64/-/sharp-linux-arm64-0.34.5.tgz#7aa7764ef9c001f15e610546d42fce56911790cc"
  integrity sha512-bKQzaJRY/bkPOXyKx5EVup7qkaojECG6NLYswgktOZjaXecSAeCWiZwwiFf3/Y+O1HrauiE3FVsGxFg8c24rZg==
  optionalDependencies:
    "@img/sharp-libvips-linux-arm64" "1.2.4"

"@img/sharp-linux-arm@0.34.5":
  version "0.34.5"
  resolved "https://registry.yarnpkg.com/@img/sharp-linux-arm/-/sharp-linux-arm-0.34.5.tgz#5fb0c3695dd12522d39c3ff7a6bc816461780a0d"
  integrity sha512-9dLqsvwtg1uuXBGZKsxem9595+ujv0sJ6Vi8wcTANSFpwV/GONat5eCkzQo/1O6zRIkh0m/8+5BjrRr7jDUSZw==
  optionalDependencies:
    "@img/sharp-libvips-linux-arm" "1.2.4"

"@img/sharp-linux-ppc64@0.34.5":
  version "0.34.5"
  resolved "https://registry.yarnpkg.com/@img/sharp-linux-ppc64/-/sharp-linux-ppc64-0.34.5.tgz#9c213a81520a20caf66978f3d4c07456ff2e0813"
  integrity sha512-7zznwNaqW6YtsfrGGDA6BRkISKAAE1Jo0QdpNYXNMHu2+0dTrPflTLNkpc8l7MUP5M16ZJcUvysVWWrMefZquA==
  optionalDependencies:
    "@img/sharp-libvips-linux-ppc64" "1.2.4"

"@img/sharp-linux-riscv64@0.34.5":
  version "0.34.5"
  resolved "https://registry.yarnpkg.com/@img/sharp-linux-riscv64/-/sharp-linux-riscv64-0.34.5.tgz#cdd28182774eadbe04f62675a16aabbccb833f60"
  integrity sha512-51gJuLPTKa7piYPaVs8GmByo7/U7/7TZOq+cnXJIHZKavIRHAP77e3N2HEl3dgiqdD/w0yUfiJnII77PuDDFdw==
  optionalDependencies:
    "@img/sharp-libvips-linux-riscv64" "1.2.4"

"@img/sharp-linux-s390x@0.34.5":
  version "0.34.5"
  resolved "https://registry.yarnpkg.com/@img/sharp-linux-s390x/-/sharp-linux-s390x-0.34.5.tgz#93eac601b9f329bb27917e0e19098c722d630df7"
  integrity sha512-nQtCk0PdKfho3eC5MrbQoigJ2gd1CgddUMkabUj+rBevs8tZ2cULOx46E7oyX+04WGfABgIwmMC0VqieTiR4jg==
  optionalDependencies:
    "@img/sharp-libvips-linux-s390x" "1.2.4"

"@img/sharp-linux-x64@0.34.5":
  version "0.34.5"
  resolved "https://registry.yarnpkg.com/@img/sharp-linux-x64/-/sharp-linux-x64-0.34.5.tgz#55abc7cd754ffca5002b6c2b719abdfc846819a8"
  integrity sha512-MEzd8HPKxVxVenwAa+JRPwEC7QFjoPWuS5NZnBt6B3pu7EG2Ge0id1oLHZpPJdn3OQK+BQDiw9zStiHBTJQQQQ==
  optionalDependencies:
    "@img/sharp-libvips-linux-x64" "1.2.4"

"@img/sharp-linuxmusl-arm64@0.34.5":
  version "0.34.5"
  resolved "https://registry.yarnpkg.com/@img/sharp-linuxmusl-arm64/-/sharp-linuxmusl-arm64-0.34.5.tgz#d6515ee971bb62f73001a4829b9d865a11b77086"
  integrity sha512-fprJR6GtRsMt6Kyfq44IsChVZeGN97gTD331weR1ex1c1rypDEABN6Tm2xa1wE6lYb5DdEnk03NZPqA7Id21yg==
  optionalDependencies:
    "@img/sharp-libvips-linuxmusl-arm64" "1.2.4"

"@img/sharp-linuxmusl-x64@0.34.5":
  version "0.34.5"
  resolved "https://registry.yarnpkg.com/@img/sharp-linuxmusl-x64/-/sharp-linuxmusl-x64-0.34.5.tgz#d97978aec7c5212f999714f2f5b736457e12ee9f"
  integrity sha512-Jg8wNT1MUzIvhBFxViqrEhWDGzqymo3sV7z7ZsaWbZNDLXRJZoRGrjulp60YYtV4wfY8VIKcWidjojlLcWrd8Q==
  optionalDependencies:
    "@img/sharp-libvips-linuxmusl-x64" "1.2.4"

"@img/sharp-wasm32@0.34.5":
  version "0.34.5"
  resolved "https://registry.yarnpkg.com/@img/sharp-wasm32/-/sharp-wasm32-0.34.5.tgz#2f15803aa626f8c59dd7c9d0bbc766f1ab52cfa0"
  integrity sha512-OdWTEiVkY2PHwqkbBI8frFxQQFekHaSSkUIJkwzclWZe64O1X4UlUjqqqLaPbUpMOQk6FBu/HtlGXNblIs0huw==
  dependencies:
    "@emnapi/runtime" "^1.7.0"

"@img/sharp-win32-arm64@0.34.5":
  version "0.34.5"
  resolved "https://registry.yarnpkg.com/@img/sharp-win32-arm64/-/sharp-win32-arm64-0.34.5.tgz#3706e9e3ac35fddfc1c87f94e849f1b75307ce0a"
  integrity sha512-WQ3AgWCWYSb2yt+IG8mnC6Jdk9Whs7O0gxphblsLvdhSpSTtmu69ZG1Gkb6NuvxsNACwiPV6cNSZNzt0KPsw7g==

"@img/sharp-win32-ia32@0.34.5":
  version "0.34.5"
  resolved "https://registry.yarnpkg.com/@img/sharp-win32-ia32/-/sharp-win32-ia32-0.34.5.tgz#0b71166599b049e032f085fb9263e02f4e4788de"
  integrity sha512-FV9m/7NmeCmSHDD5j4+4pNI8Cp3aW+JvLoXcTUo0IqyjSfAZJ8dIUmijx1qaJsIiU+Hosw6xM5KijAWRJCSgNg==

"@img/sharp-win32-x64@0.34.5":
  version "0.34.5"
  resolved "https://registry.yarnpkg.com/@img/sharp-win32-x64/-/sharp-win32-x64-0.34.5.tgz#a81ffb00e69267cd0a1d626eaedb8a8430b2b2f8"
  integrity sha512-+29YMsqY2/9eFEiW93eqWnuLcWcufowXewwSNIT6UwZdUUCrM3oFjMWH/Z6/TMmb4hlFenmfAVbpWeup2jryCw==

"@jridgewell/gen-mapping@^0.3.2":
  version "0.3.12"
  resolved "https://registry.yarnpkg.com/@jridgewell/gen-mapping/-/gen-mapping-0.3.12.tgz#2234ce26c62889f03db3d7fea43c1932ab3e927b"
  integrity sha512-OuLGC46TjB5BbN1dH8JULVVZY4WTdkF7tV9Ys6wLL1rubZnCMstOhNHueU5bLCrnRuDhKPDM4g6sw4Bel5Gzqg==
  dependencies:
    "@jridgewell/sourcemap-codec" "^1.5.0"
    "@jridgewell/trace-mapping" "^0.3.24"

"@jridgewell/resolve-uri@^3.1.0":
  version "3.1.2"
  resolved "https://registry.yarnpkg.com/@jridgewell/resolve-uri/-/resolve-uri-3.1.2.tgz#7a0ee601f60f99a20c7c7c5ff0c80388c1189bd6"
  integrity sha512-bRISgCIjP20/tbWSPWMEi54QVPRZExkuD9lJL+UIxUKtwVJA8wW1Trb1jMs1RFXo1CBTNZ/5hpC9QvmKWdopKw==

"@jridgewell/sourcemap-codec@^1.4.14", "@jridgewell/sourcemap-codec@^1.5.0":
  version "1.5.4"
  resolved "https://registry.yarnpkg.com/@jridgewell/sourcemap-codec/-/sourcemap-codec-1.5.4.tgz#7358043433b2e5da569aa02cbc4c121da3af27d7"
  integrity sha512-VT2+G1VQs/9oz078bLrYbecdZKs912zQlkelYpuf+SXF+QvZDYJlbx/LSx+meSAwdDFnF8FVXW92AVjjkVmgFw==

"@jridgewell/trace-mapping@^0.3.24":
  version "0.3.29"
  resolved "https://registry.yarnpkg.com/@jridgewell/trace-mapping/-/trace-mapping-0.3.29.tgz#a58d31eaadaf92c6695680b2e1d464a9b8fbf7fc"
  integrity sha512-uw6guiW/gcAGPDhLmd77/6lW8QLeiV5RUTsAX46Db6oLhGaVj4lhnPwb184s1bkc8kdVg/+h988dro8GRDpmYQ==
  dependencies:
    "@jridgewell/resolve-uri" "^3.1.0"
    "@jridgewell/sourcemap-codec" "^1.4.14"

"@mongodb-js/saslprep@^1.1.5":
  version "1.4.11"
  resolved "https://registry.yarnpkg.com/@mongodb-js/saslprep/-/saslprep-1.4.11.tgz#3fae1bf22a6e485ea42d26e46d06e49c8eadb86b"
  integrity sha512-o9rAHc0IpIjuPSxRutWpE1F62x7n+4mVS4rCNHkzhIUMQcc18bb6xEq5wd2NdN0WjepIyXIppRshYI2kQDOZVA==
  dependencies:
    sparse-bitfield "^3.0.3"

"@next/env@15.5.18":
  version "15.5.18"
  resolved "https://registry.yarnpkg.com/@next/env/-/env-15.5.18.tgz#207ab150d3f1c787ac343946155392d478506c1b"
  integrity sha512-hAV85Ckd9QR6RvH04MEKwsfLTksvFpO47j9xwtoIuvuPnlwecpSi+uZTtm8HirVbtlI2Fnz//xpcSTjFdyJk+g==

"@next/swc-darwin-arm64@15.5.18":
  version "15.5.18"
  resolved "https://registry.yarnpkg.com/@next/swc-darwin-arm64/-/swc-darwin-arm64-15.5.18.tgz#d4376e2d31f90679128c5d83aecfb7aa244e475c"
  integrity sha512-w0WvQf1n+txiwns/9pwIQteCJpZTbxzO2SE0FLcwuD4v0WEh1JPOjdyxWL21XwJsdpx8cFRjyzxzCS/siP7HcQ==

"@next/swc-darwin-x64@15.5.18":
  version "15.5.18"
  resolved "https://registry.yarnpkg.com/@next/swc-darwin-x64/-/swc-darwin-x64-15.5.18.tgz#35e179f2863d0ea1b249d5f8a1616593431f1645"
  integrity sha512-znn71QmDuxm+BOaglihMZfvyySMnNljkVIY5Z2TCssBmm+WqL6c19VhtH5ktFkHa8EZ2bnTUpcNcmNSQsg67og==

"@next/swc-linux-arm64-gnu@15.5.18":
  version "15.5.18"
  resolved "https://registry.yarnpkg.com/@next/swc-linux-arm64-gnu/-/swc-linux-arm64-gnu-15.5.18.tgz#5c97bd8422cc0d43b6b07329514bfaceb04b8014"
  integrity sha512-yPPe5MNL+igZUa+OsqQJisqSfh6oarIuA1Q0BDxljGJhRQyZeP+WRHh7rs/jZUGMh5aY0YdIjXZG0VohkKkUdw==

"@next/swc-linux-arm64-musl@15.5.18":
  version "15.5.18"
  resolved "https://registry.yarnpkg.com/@next/swc-linux-arm64-musl/-/swc-linux-arm64-musl-15.5.18.tgz#497dda6be6e905e3ab7b02624a5493ccf08f06e7"
  integrity sha512-glaCczEWIrHsokFZ3pP08U4BpKxwIdnT+txdOM32OBgpL9Yw4aqx8NejmgtZQZOdstQ5f0L3CasIZudzCuD+nw==

"@next/swc-linux-x64-gnu@15.5.18":
  version "15.5.18"
  resolved "https://registry.yarnpkg.com/@next/swc-linux-x64-gnu/-/swc-linux-x64-gnu-15.5.18.tgz#c5863100284c0182ff546d212c74dc9348d16564"
  integrity sha512-oUfg2EgJmU3R0OCOWiokGFUTvZiPfXtriXiuF3YNxRoROCdgvTedHIzYoeKH34gsZxS/V7mHbfq2hpAHwhH1/A==

"@next/swc-linux-x64-musl@15.5.18":
  version "15.5.18"
  resolved "https://registry.yarnpkg.com/@next/swc-linux-x64-musl/-/swc-linux-x64-musl-15.5.18.tgz#26f3fdc26707458481d40649a1420584bf1f3bf7"
  integrity sha512-JLxSP3KTd9iu/bvUMQxH7RJo9xKSHf55/6RPE4a6FTSZygGn7uvZbCej0AHXydwkggQGSD9UddSjwv6Xz5ESfA==

"@next/swc-win32-arm64-msvc@15.5.18":
  version "15.5.18"
  resolved "https://registry.yarnpkg.com/@next/swc-win32-arm64-msvc/-/swc-win32-arm64-msvc-15.5.18.tgz#8acdb2aeec6d768bffa3043485d22ecdf48a6e4c"
  integrity sha512-ir1v7enP52K2HNz3tQQvwF+x7VNxBk1ciiZ18WBPvxf4C59IqdfmHPJYK3vH7rSxpuCVw/8C712wTXNAtEp+NA==

"@next/swc-win32-x64-msvc@15.5.18":
  version "15.5.18"
  resolved "https://registry.yarnpkg.com/@next/swc-win32-x64-msvc/-/swc-win32-x64-msvc-15.5.18.tgz#beac6228e60e3ee08ce7a20b7f61b3dc516d4b10"
  integrity sha512-LIu5me6QTANCd25E7I5uIEfvgQ06RK7tvHAbYo3zCb3VpxQEPvMcSpd87NwUABDT6MbGPdEGR5VRiK4PPTJhQg==

"@nodelib/fs.scandir@2.1.5":
  version "2.1.5"
  resolved "https://registry.yarnpkg.com/@nodelib/fs.scandir/-/fs.scandir-2.1.5.tgz#7619c2eb21b25483f6d167548b4cfd5a7488c3d5"
  integrity sha512-vq24Bq3ym5HEQm2NKCr3yXDwjc7vTsEThRDnkp2DK9p1uqLR+DHurm/NOTo0KG7HYHU7eppKZj3MyqYuMBf62g==
  dependencies:
    "@nodelib/fs.stat" "2.0.5"
    run-parallel "^1.1.9"

"@nodelib/fs.stat@2.0.5", "@nodelib/fs.stat@^2.0.2":
  version "2.0.5"
  resolved "https://registry.yarnpkg.com/@nodelib/fs.stat/-/fs.stat-2.0.5.tgz#5bd262af94e9d25bd1e71b05deed44876a222e8b"
  integrity sha512-RkhPPp2zrqDAQA/2jNhnztcPAlv64XdhIp7a7454A5ovI7Bukxgt7MX7udwAu3zg1DcpPU0rz3VV1SeaqvY4+A==

"@nodelib/fs.walk@^1.2.3":
  version "1.2.8"
  resolved "https://registry.yarnpkg.com/@nodelib/fs.walk/-/fs.walk-1.2.8.tgz#e95737e8bb6746ddedf69c556953494f196fe69a"
  integrity sha512-oGB+UxlgWcgQkgwo8GcEGwemoTFt3FIO9ababBmaGwXIoBKZ+GTy0pP185beGg7Llih/NSHSV2XAs1lnznocSg==
  dependencies:
    "@nodelib/fs.scandir" "2.1.5"
    fastq "^1.6.0"

"@protobufjs/aspromise@^1.1.1", "@protobufjs/aspromise@^1.1.2":
  version "1.1.2"
  resolved "https://registry.yarnpkg.com/@protobufjs/aspromise/-/aspromise-1.1.2.tgz#9b8b0cc663d669a7d8f6f5d0893a14d348f30fbf"
  integrity sha512-j+gKExEuLmKwvz3OgROXtrJ2UG2x8Ch2YZUxahh+s1F2HZ+wAceUNLkvy6zKCPVRkU++ZWQrdxsUeQXmcg4uoQ==

"@protobufjs/base64@^1.1.2":
  version "1.1.2"
  resolved "https://registry.yarnpkg.com/@protobufjs/base64/-/base64-1.1.2.tgz#4c85730e59b9a1f1f349047dbf24296034bb2735"
  integrity sha512-AZkcAA5vnN/v4PDqKyMR5lx7hZttPDgClv83E//FMNhR2TMcLUhfRUBHCmSl0oi9zMgDDqRUJkSxO3wm85+XLg==

"@protobufjs/codegen@^2.0.5":
  version "2.0.5"
  resolved "https://registry.yarnpkg.com/@protobufjs/codegen/-/codegen-2.0.5.tgz#d9315ad7cf3f30aac70bda3c068443dc6f143659"
  integrity sha512-zgXFLzW3Ap33e6d0Wlj4MGIm6Ce8O89n/apUaGNB/jx+hw+ruWEp7EwGUshdLKVRCxZW12fp9r40E1mQrf/34g==

"@protobufjs/eventemitter@^1.1.1":
  version "1.1.1"
  resolved "https://registry.yarnpkg.com/@protobufjs/eventemitter/-/eventemitter-1.1.1.tgz#d512cb26c0ae026091ee2c1167f1be6faf5c842a"
  integrity sha512-vW1GmwMZNnL+gMRaovlh9yZX74kc+TTU3FObkkurpMaRtBfLP3ldjS9KQWlwZgraRE0+dheEEoAxdzcJQ8eXZg==

"@protobufjs/fetch@^1.1.1":
  version "1.1.1"
  resolved "https://registry.yarnpkg.com/@protobufjs/fetch/-/fetch-1.1.1.tgz#4d6fc00c8fb64016a5c81b469d549046350f1065"
  integrity sha512-GpptLrs57adMSuHi3VNj0mAF8dwh36LMaYF6XyJ6JMWlVsc+t42tm1HSEDmOs3A8fC9yyeisgLhsTVQokOZ0zw==
  dependencies:
    "@protobufjs/aspromise" "^1.1.1"

"@protobufjs/float@^1.0.2":
  version "1.0.2"
  resolved "https://registry.yarnpkg.com/@protobufjs/float/-/float-1.0.2.tgz#5e9e1abdcb73fc0a7cb8b291df78c8cbd97b87d1"
  integrity sha512-Ddb+kVXlXst9d+R9PfTIxh1EdNkgoRe5tOX6t01f1lYWOvJnSPDBlG241QLzcyPdoNTsblLUdujGSE4RzrTZGQ==

"@protobufjs/path@^1.1.2":
  version "1.1.2"
  resolved "https://registry.yarnpkg.com/@protobufjs/path/-/path-1.1.2.tgz#6cc2b20c5c9ad6ad0dccfd21ca7673d8d7fbf68d"
  integrity sha512-6JOcJ5Tm08dOHAbdR3GrvP+yUUfkjG5ePsHYczMFLq3ZmMkAD98cDgcT2iA1lJ9NVwFd4tH/iSSoe44YWkltEA==

"@protobufjs/pool@^1.1.0":
  version "1.1.0"
  resolved "https://registry.yarnpkg.com/@protobufjs/pool/-/pool-1.1.0.tgz#09fd15f2d6d3abfa9b65bc366506d6ad7846ff54"
  integrity sha512-0kELaGSIDBKvcgS4zkjz1PeddatrjYcmMWOlAuAPwAeccUrPHdUqo/J6LiymHHEiJT5NrF1UVwxY14f+fy4WQw==

"@protobufjs/utf8@^1.1.1":
  version "1.1.2"
  resolved "https://registry.yarnpkg.com/@protobufjs/utf8/-/utf8-1.1.2.tgz#78d476333d85d5b1c792e257bca74ba080da49a4"
  integrity sha512-b1UQwcEZ4yCnMCD8DAL1VlbvBJE9/IX4FTIp7BG1xYpf29SLazLSrqUkj4w7Y5y7cCVP6E5tcqqcI0xemPkHug==

"@radix-ui/number@1.1.1":
  version "1.1.1"
  resolved "https://registry.yarnpkg.com/@radix-ui/number/-/number-1.1.1.tgz#7b2c9225fbf1b126539551f5985769d0048d9090"
  integrity sha512-MkKCwxlXTgz6CFoJx3pCwn07GKp36+aZyu/u2Ln2VrA5DcdyCZkASEDBTd8x5whTQQL5CiYf4prXKLcgQdv29g==

"@radix-ui/primitive@1.1.2":
  version "1.1.2"
  resolved "https://registry.yarnpkg.com/@radix-ui/primitive/-/primitive-1.1.2.tgz#83f415c4425f21e3d27914c12b3272a32e3dae65"
  integrity sha512-XnbHrrprsNqZKQhStrSwgRUQzoCI1glLzdw79xiZPoofhGICeZRSQ3dIxAKH1gb3OHfNf4d6f+vAv3kil2eggA==

"@radix-ui/react-accordion@1.2.11":
  version "1.2.11"
  resolved "https://registry.yarnpkg.com/@radix-ui/react-accordion/-/react-accordion-1.2.11.tgz#7837dd4d44aeed56aabad2b098727b8b4f89ae4c"
  integrity sha512-l3W5D54emV2ues7jjeG1xcyN7S3jnK3zE2zHqgn0CmMsy9lNJwmgcrmaxS+7ipw15FAivzKNzH3d5EcGoFKw0A==
  dependencies:
    "@radix-ui/primitive" "1.1.2"
    "@radix-ui/react-collapsible" "1.1.11"
    "@radix-ui/react-collection" "1.1.7"
    "@radix-ui/react-compose-refs" "1.1.2"
    "@radix-ui/react-context" "1.1.2"
    "@radix-ui/react-direction" "1.1.1"
    "@radix-ui/react-id" "1.1.1"
    "@radix-ui/react-primitive" "2.1.3"
    "@radix-ui/react-use-controllable-state" "1.2.2"

"@radix-ui/react-alert-dialog@1.1.14":
  version "1.1.14"
  resolved "https://registry.yarnpkg.com/@radix-ui/react-alert-dialog/-/react-alert-dialog-1.1.14.tgz#b38853b6859b9c7351d9aa52dd504a6bb2ea283c"
  integrity sha512-IOZfZ3nPvN6lXpJTBCunFQPRSvK8MDgSc1FB85xnIpUKOw9en0dJj8JmCAxV7BiZdtYlUpmrQjoTFkVYtdoWzQ==
  dependencies:
    "@radix-ui/primitive" "1.1.2"
    "@radix-ui/react-compose-refs" "1.1.2"
    "@radix-ui/react-context" "1.1.2"
    "@radix-ui/react-dialog" "1.1.14"
    "@radix-ui/react-primitive" "2.1.3"
    "@radix-ui/react-slot" "1.2.3"

"@radix-ui/react-arrow@1.1.7":
  version "1.1.7"
  resolved "https://registry.yarnpkg.com/@radix-ui/react-arrow/-/react-arrow-1.1.7.tgz#e14a2657c81d961598c5e72b73dd6098acc04f09"
  integrity sha512-F+M1tLhO+mlQaOWspE8Wstg+z6PwxwRd8oQ8IXceWz92kfAmalTRf0EjrouQeo7QssEPfCn05B4Ihs1K9WQ/7w==
  dependencies:
    "@radix-ui/react-primitive" "2.1.3"

"@radix-ui/react-aspect-ratio@1.1.7":
  version "1.1.7"
  resolved "https://registry.yarnpkg.com/@radix-ui/react-aspect-ratio/-/react-aspect-ratio-1.1.7.tgz#95d0adcdddd0d40c5dd2ae07c8608b4f0b983f53"
  integrity sha512-Yq6lvO9HQyPwev1onK1daHCHqXVLzPhSVjmsNjCa2Zcxy2f7uJD2itDtxknv6FzAKCwD1qQkeVDmX/cev13n/g==
  dependencies:
    "@radix-ui/react-primitive" "2.1.3"

"@radix-ui/react-avatar@1.1.10":
  version "1.1.10"
  resolved "https://registry.yarnpkg.com/@radix-ui/react-avatar/-/react-avatar-1.1.10.tgz#c58a8800ef3d3ee783b3168fee7c76f6534bfd93"
  integrity sha512-V8piFfWapM5OmNCXTzVQY+E1rDa53zY+MQ4Y7356v4fFz6vqCyUtIz2rUD44ZEdwg78/jKmMJHj07+C/Z/rcog==
  dependencies:
    "@radix-ui/react-context" "1.1.2"
    "@radix-ui/react-primitive" "2.1.3"
    "@radix-ui/react-use-callback-ref" "1.1.1"
    "@radix-ui/react-use-is-hydrated" "0.1.0"
    "@radix-ui/react-use-layout-effect" "1.1.1"

"@radix-ui/react-checkbox@1.3.2":
  version "1.3.2"
  resolved "https://registry.yarnpkg.com/@radix-ui/react-checkbox/-/react-checkbox-1.3.2.tgz#28097244d968aa8f93249b0d3df02a172fd4bee5"
  integrity sha512-yd+dI56KZqawxKZrJ31eENUwqc1QSqg4OZ15rybGjF2ZNwMO+wCyHzAVLRp9qoYJf7kYy0YpZ2b0JCzJ42HZpA==
  dependencies:
    "@radix-ui/primitive" "1.1.2"
    "@radix-ui/react-compose-refs" "1.1.2"
    "@radix-ui/react-context" "1.1.2"
    "@radix-ui/react-presence" "1.1.4"
    "@radix-ui/react-primitive" "2.1.3"
    "@radix-ui/react-use-controllable-state" "1.2.2"
    "@radix-ui/react-use-previous" "1.1.1"
    "@radix-ui/react-use-size" "1.1.1"

"@radix-ui/react-collapsible@1.1.11":
  version "1.1.11"
  resolved "https://registry.yarnpkg.com/@radix-ui/react-collapsible/-/react-collapsible-1.1.11.tgz#a2d132d5baa6f14551f15b1fff29f925cae46b83"
  integrity sha512-2qrRsVGSCYasSz1RFOorXwl0H7g7J1frQtgpQgYrt+MOidtPAINHn9CPovQXb83r8ahapdx3Tu0fa/pdFFSdPg==
  dependencies:
    "@radix-ui/primitive" "1.1.2"
    "@radix-ui/react-compose-refs" "1.1.2"
    "@radix-ui/react-context" "1.1.2"
    "@radix-ui/react-id" "1.1.1"
    "@radix-ui/react-presence" "1.1.4"
    "@radix-ui/react-primitive" "2.1.3"
    "@radix-ui/react-use-controllable-state" "1.2.2"
    "@radix-ui/react-use-layout-effect" "1.1.1"

"@radix-ui/react-collection@1.1.7":
  version "1.1.7"
  resolved "https://registry.yarnpkg.com/@radix-ui/react-collection/-/react-collection-1.1.7.tgz#d05c25ca9ac4695cc19ba91f42f686e3ea2d9aec"
  integrity sha512-Fh9rGN0MoI4ZFUNyfFVNU4y9LUz93u9/0K+yLgA2bwRojxM8JU1DyvvMBabnZPBgMWREAJvU2jjVzq+LrFUglw==
  dependencies:
    "@radix-ui/react-compose-refs" "1.1.2"
    "@radix-ui/react-context" "1.1.2"
    "@radix-ui/react-primitive" "2.1.3"
    "@radix-ui/react-slot" "1.2.3"

"@radix-ui/react-compose-refs@1.1.2", "@radix-ui/react-compose-refs@^1.1.1":
  version "1.1.2"
  resolved "https://registry.yarnpkg.com/@radix-ui/react-compose-refs/-/react-compose-refs-1.1.2.tgz#a2c4c47af6337048ee78ff6dc0d090b390d2bb30"
  integrity sha512-z4eqJvfiNnFMHIIvXP3CY57y2WJs5g2v3X0zm9mEJkrkNv4rDxu+sg9Jh8EkXyeqBkB7SOcboo9dMVqhyrACIg==

"@radix-ui/react-context-menu@2.2.15":
  version "2.2.15"
  resolved "https://registry.yarnpkg.com/@radix-ui/react-context-menu/-/react-context-menu-2.2.15.tgz#d61a7c8badbcad72fadb9ed87efaa21df60b0a99"
  integrity sha512-UsQUMjcYTsBjTSXw0P3GO0werEQvUY2plgRQuKoCTtkNr45q1DiL51j4m7gxhABzZ0BadoXNsIbg7F3KwiUBbw==
  dependencies:
    "@radix-ui/primitive" "1.1.2"
    "@radix-ui/react-context" "1.1.2"
    "@radix-ui/react-menu" "2.1.15"
    "@radix-ui/react-primitive" "2.1.3"
    "@radix-ui/react-use-callback-ref" "1.1.1"
    "@radix-ui/react-use-controllable-state" "1.2.2"

"@radix-ui/react-context@1.1.2":
  version "1.1.2"
  resolved "https://registry.yarnpkg.com/@radix-ui/react-context/-/react-context-1.1.2.tgz#61628ef269a433382c364f6f1e3788a6dc213a36"
  integrity sha512-jCi/QKUM2r1Ju5a3J64TH2A5SpKAgh0LpknyqdQ4m6DCV0xJ2HG1xARRwNGPQfi1SLdLWZ1OJz6F4OMBBNiGJA==

"@radix-ui/react-dialog@1.1.14", "@radix-ui/react-dialog@^1.1.1", "@radix-ui/react-dialog@^1.1.6":
  version "1.1.14"
  resolved "https://registry.yarnpkg.com/@radix-ui/react-dialog/-/react-dialog-1.1.14.tgz#4c69c80c258bc6561398cfce055202ea11075107"
  integrity sha512-+CpweKjqpzTmwRwcYECQcNYbI8V9VSQt0SNFKeEBLgfucbsLssU6Ppq7wUdNXEGb573bMjFhVjKVll8rmV6zMw==
  dependencies:
    "@radix-ui/primitive" "1.1.2"
    "@radix-ui/react-compose-refs" "1.1.2"
    "@radix-ui/react-context" "1.1.2"
    "@radix-ui/react-dismissable-layer" "1.1.10"
    "@radix-ui/react-focus-guards" "1.1.2"
    "@radix-ui/react-focus-scope" "1.1.7"
    "@radix-ui/react-id" "1.1.1"
    "@radix-ui/react-portal" "1.1.9"
    "@radix-ui/react-presence" "1.1.4"
    "@radix-ui/react-primitive" "2.1.3"
    "@radix-ui/react-slot" "1.2.3"
    "@radix-ui/react-use-controllable-state" "1.2.2"
    aria-hidden "^1.2.4"
    react-remove-scroll "^2.6.3"

"@radix-ui/react-direction@1.1.1":
  version "1.1.1"
  resolved "https://registry.yarnpkg.com/@radix-ui/react-direction/-/react-direction-1.1.1.tgz#39e5a5769e676c753204b792fbe6cf508e550a14"
  integrity sha512-1UEWRX6jnOA2y4H5WczZ44gOOjTEmlqv1uNW4GAJEO5+bauCBhv8snY65Iw5/VOS/ghKN9gr2KjnLKxrsvoMVw==

"@radix-ui/react-dismissable-layer@1.1.10":
  version "1.1.10"
  resolved "https://registry.yarnpkg.com/@radix-ui/react-dismissable-layer/-/react-dismissable-layer-1.1.10.tgz#429b9bada3672c6895a5d6a642aca6ecaf4f18c3"
  integrity sha512-IM1zzRV4W3HtVgftdQiiOmA0AdJlCtMLe00FXaHwgt3rAnNsIyDqshvkIW3hj/iu5hu8ERP7KIYki6NkqDxAwQ==
  dependencies:
    "@radix-ui/primitive" "1.1.2"
    "@radix-ui/react-compose-refs" "1.1.2"
    "@radix-ui/react-primitive" "2.1.3"
    "@radix-ui/react-use-callback-ref" "1.1.1"
    "@radix-ui/react-use-escape-keydown" "1.1.1"

"@radix-ui/react-dropdown-menu@2.1.15":
  version "2.1.15"
  resolved "https://registry.yarnpkg.com/@radix-ui/react-dropdown-menu/-/react-dropdown-menu-2.1.15.tgz#f507320de8e11bc1e671a6ec0c27a7a89e725131"
  integrity sha512-mIBnOjgwo9AH3FyKaSWoSu/dYj6VdhJ7frEPiGTeXCdUFHjl9h3mFh2wwhEtINOmYXWhdpf1rY2minFsmaNgVQ==
  dependencies:
    "@radix-ui/primitive" "1.1.2"
    "@radix-ui/react-compose-refs" "1.1.2"
    "@radix-ui/react-context" "1.1.2"
    "@radix-ui/react-id" "1.1.1"
    "@radix-ui/react-menu" "2.1.15"
    "@radix-ui/react-primitive" "2.1.3"
    "@radix-ui/react-use-controllable-state" "1.2.2"

"@radix-ui/react-focus-guards@1.1.2":
  version "1.1.2"
  resolved "https://registry.yarnpkg.com/@radix-ui/react-focus-guards/-/react-focus-guards-1.1.2.tgz#4ec9a7e50925f7fb661394460045b46212a33bed"
  integrity sha512-fyjAACV62oPV925xFCrH8DR5xWhg9KYtJT4s3u54jxp+L/hbpTY2kIeEFFbFe+a/HCE94zGQMZLIpVTPVZDhaA==

"@radix-ui/react-focus-scope@1.1.7":
  version "1.1.7"
  resolved "https://registry.yarnpkg.com/@radix-ui/react-focus-scope/-/react-focus-scope-1.1.7.tgz#dfe76fc103537d80bf42723a183773fd07bfb58d"
  integrity sha512-t2ODlkXBQyn7jkl6TNaw/MtVEVvIGelJDCG41Okq/KwUsJBwQ4XVZsHAVUkK4mBv3ewiAS3PGuUWuY2BoK4ZUw==
  dependencies:
    "@radix-ui/react-compose-refs" "1.1.2"
    "@radix-ui/react-primitive" "2.1.3"
    "@radix-ui/react-use-callback-ref" "1.1.1"

"@radix-ui/react-hover-card@1.1.14":
  version "1.1.14"
  resolved "https://registry.yarnpkg.com/@radix-ui/react-hover-card/-/react-hover-card-1.1.14.tgz#a557cda6470e214e744e46ede839496e8b291843"
  integrity sha512-CPYZ24Mhirm+g6D8jArmLzjYu4Eyg3TTUHswR26QgzXBHBe64BO/RHOJKzmF/Dxb4y4f9PKyJdwm/O/AhNkb+Q==
  dependencies:
    "@radix-ui/primitive" "1.1.2"
    "@radix-ui/react-compose-refs" "1.1.2"
    "@radix-ui/react-context" "1.1.2"
    "@radix-ui/react-dismissable-layer" "1.1.10"
    "@radix-ui/react-popper" "1.2.7"
    "@radix-ui/react-portal" "1.1.9"
    "@radix-ui/react-presence" "1.1.4"
    "@radix-ui/react-primitive" "2.1.3"
    "@radix-ui/react-use-controllable-state" "1.2.2"

"@radix-ui/react-id@1.1.1", "@radix-ui/react-id@^1.1.0":
  version "1.1.1"
  resolved "https://registry.yarnpkg.com/@radix-ui/react-id/-/react-id-1.1.1.tgz#1404002e79a03fe062b7e3864aa01e24bd1471f7"
  integrity sha512-kGkGegYIdQsOb4XjsfM97rXsiHaBwco+hFI66oO4s9LU+PLAC5oJ7khdOVFxkhsmlbpUqDAvXw11CluXP+jkHg==
  dependencies:
    "@radix-ui/react-use-layout-effect" "1.1.1"

"@radix-ui/react-label@2.1.7":
  version "2.1.7"
  resolved "https://registry.yarnpkg.com/@radix-ui/react-label/-/react-label-2.1.7.tgz#ad959ff9c6e4968d533329eb95696e1ba8ad72ab"
  integrity sha512-YT1GqPSL8kJn20djelMX7/cTRp/Y9w5IZHvfxQTVHrOqa2yMl7i/UfMqKRU5V7mEyKTrUVgJXhNQPVCG8PBLoQ==
  dependencies:
    "@radix-ui/react-primitive" "2.1.3"

"@radix-ui/react-menu@2.1.15":
  version "2.1.15"
  resolved "https://registry.yarnpkg.com/@radix-ui/react-menu/-/react-menu-2.1.15.tgz#a1a8f06cab3c309f9998cdbd2b3ad279e42ed483"
  integrity sha512-tVlmA3Vb9n8SZSd+YSbuFR66l87Wiy4du+YE+0hzKQEANA+7cWKH1WgqcEX4pXqxUFQKrWQGHdvEfw00TjFiew==
  dependencies:
    "@radix-ui/primitive" "1.1.2"
    "@radix-ui/react-collection" "1.1.7"
    "@radix-ui/react-compose-refs" "1.1.2"
    "@radix-ui/react-context" "1.1.2"
    "@radix-ui/react-direction" "1.1.1"
    "@radix-ui/react-dismissable-layer" "1.1.10"
    "@radix-ui/react-focus-guards" "1.1.2"
    "@radix-ui/react-focus-scope" "1.1.7"
    "@radix-ui/react-id" "1.1.1"
    "@radix-ui/react-popper" "1.2.7"
    "@radix-ui/react-portal" "1.1.9"
    "@radix-ui/react-presence" "1.1.4"
    "@radix-ui/react-primitive" "2.1.3"
    "@radix-ui/react-roving-focus" "1.1.10"
    "@radix-ui/react-slot" "1.2.3"
    "@radix-ui/react-use-callback-ref" "1.1.1"
    aria-hidden "^1.2.4"
    react-remove-scroll "^2.6.3"

"@radix-ui/react-menubar@1.1.15":
  version "1.1.15"
  resolved "https://registry.yarnpkg.com/@radix-ui/react-menubar/-/react-menubar-1.1.15.tgz#e597bdf53c9ddeaadf2efadc480cc58a411fa914"
  integrity sha512-Z71C7LGD+YDYo3TV81paUs8f3Zbmkvg6VLRQpKYfzioOE6n7fOhA3ApK/V/2Odolxjoc4ENk8AYCjohCNayd5A==
  dependencies:
    "@radix-ui/primitive" "1.1.2"
    "@radix-ui/react-collection" "1.1.7"
    "@radix-ui/react-compose-refs" "1.1.2"
    "@radix-ui/react-context" "1.1.2"
    "@radix-ui/react-direction" "1.1.1"
    "@radix-ui/react-id" "1.1.1"
    "@radix-ui/react-menu" "2.1.15"
    "@radix-ui/react-primitive" "2.1.3"
    "@radix-ui/react-roving-focus" "1.1.10"
    "@radix-ui/react-use-controllable-state" "1.2.2"

"@radix-ui/react-navigation-menu@1.2.13":
  version "1.2.13"
  resolved "https://registry.yarnpkg.com/@radix-ui/react-navigation-menu/-/react-navigation-menu-1.2.13.tgz#8d49ce275bf4f49a8642be520074b5a7438a5fb0"
  integrity sha512-WG8wWfDiJlSF5hELjwfjSGOXcBR/ZMhBFCGYe8vERpC39CQYZeq1PQ2kaYHdye3V95d06H89KGMsVCIE4LWo3g==
  dependencies:
    "@radix-ui/primitive" "1.1.2"
    "@radix-ui/react-collection" "1.1.7"
    "@radix-ui/react-compose-refs" "1.1.2"
    "@radix-ui/react-context" "1.1.2"
    "@radix-ui/react-direction" "1.1.1"
    "@radix-ui/react-dismissable-layer" "1.1.10"
    "@radix-ui/react-id" "1.1.1"
    "@radix-ui/react-presence" "1.1.4"
    "@radix-ui/react-primitive" "2.1.3"
    "@radix-ui/react-use-callback-ref" "1.1.1"
    "@radix-ui/react-use-controllable-state" "1.2.2"
    "@radix-ui/react-use-layout-effect" "1.1.1"
    "@radix-